
Microsoft Visual Studio Solution File, Format Version 12.00
Project("{2150E333-8FDC-42A3-9474-1A3956D46DE8}") = "src", "src", "{CDDDA9F9-4258-429A-8B5B-2728C57F24A9}"
EndProject
Project("{FAE04EC0-301F-11D3-BF4B-00C04F79EFBC}") = "PagesGenerator", "src\PagesGenerator.csproj", "{0F31A21B-C67A-43FF-A7E7-1BAC0E224529}"
EndProject
Global
	GlobalSection(SolutionConfigurationPlatforms) = preSolution
		Debug|Any CPU = Debug|Any CPU
		Release|Any CPU = Release|Any CPU
	EndGlobalSection
	GlobalSection(NestedProjects) = preSolution
		{0F31A21B-C67A-43FF-A7E7-1BAC0E224529} = {CDDDA9F9-4258-429A-8B5B-2728C57F24A9}
	EndGlobalSection
	GlobalSection(ProjectConfigurationPlatforms) = postSolution
		{0F31A21B-C67A-43FF-A7E7-1BAC0E224529}.Debug|Any CPU.ActiveCfg = Debug|Any CPU
		{0F31A21B-C67A-43FF-A7E7-1BAC0E224529}.Debug|Any CPU.Build.0 = Debug|Any CPU
		{0F31A21B-C67A-43FF-A7E7-1BAC0E224529}.Release|Any CPU.ActiveCfg = Release|Any CPU
		{0F31A21B-C67A-43FF-A7E7-1BAC0E224529}.Release|Any CPU.Build.0 = Release|Any CPU
	EndGlobalSection
EndGlobal
