
Microsoft Visual Studio Solution File, Format Version 12.00
Project("{2150E333-8FDC-42A3-9474-1A3956D46DE8}") = "src", "src", "{3760B453-38FA-49B8-8709-5C0E8642E267}"
EndProject
Project("{FAE04EC0-301F-11D3-BF4B-00C04F79EFBC}") = "CodeGenerator", "src\CodeGenerator\CodeGenerator.csproj", "{92C8B1EB-E3FC-441F-81C8-845B38209B1A}"
EndProject
Global
	GlobalSection(SolutionConfigurationPlatforms) = preSolution
		Debug|Any CPU = Debug|Any CPU
		Release|Any CPU = Release|Any CPU
	EndGlobalSection
	GlobalSection(NestedProjects) = preSolution
		{92C8B1EB-E3FC-441F-81C8-845B38209B1A} = {3760B453-38FA-49B8-8709-5C0E8642E267}
	EndGlobalSection
	GlobalSection(ProjectConfigurationPlatforms) = postSolution
		{92C8B1EB-E3FC-441F-81C8-845B38209B1A}.Debug|Any CPU.ActiveCfg = Debug|Any CPU
		{92C8B1EB-E3FC-441F-81C8-845B38209B1A}.Debug|Any CPU.Build.0 = Debug|Any CPU
		{92C8B1EB-E3FC-441F-81C8-845B38209B1A}.Release|Any CPU.ActiveCfg = Release|Any CPU
		{92C8B1EB-E3FC-441F-81C8-845B38209B1A}.Release|Any CPU.Build.0 = Release|Any CPU
	EndGlobalSection
EndGlobal
